
Microsoft Visual Studio Solution File, Format Version 12.00
# Visual Studio Version 17
VisualStudioVersion = 17.14.36717.8 d17.14
MinimumVisualStudioVersion = 10.0.40219.1
Project("{FAE04EC0-301F-11D3-BF4B-00C04F79EFBC}") = "GameServerAdmin", "GameServerAdmin\GameServerAdmin.csproj", "{F1A2BC89-3358-495F-850F-50A1B9C7B7E9}"
EndProject
Global
	GlobalSection(SolutionConfigurationPlatforms) = preSolution
		Debug|Any CPU = Debug|Any CPU
		Release|Any CPU = Release|Any CPU
	EndGlobalSection
	GlobalSection(ProjectConfigurationPlatforms) = postSolution
		{F1A2BC89-3358-495F-850F-50A1B9C7B7E9}.Debug|Any CPU.ActiveCfg = Debug|Any CPU
		{F1A2BC89-3358-495F-850F-50A1B9C7B7E9}.Debug|Any CPU.Build.0 = Debug|Any CPU
		{F1A2BC89-3358-495F-850F-50A1B9C7B7E9}.Release|Any CPU.ActiveCfg = Release|Any CPU
		{F1A2BC89-3358-495F-850F-50A1B9C7B7E9}.Release|Any CPU.Build.0 = Release|Any CPU
	EndGlobalSection
	GlobalSection(SolutionProperties) = preSolution
		HideSolutionNode = FALSE
	EndGlobalSection
	GlobalSection(ExtensibilityGlobals) = postSolution
		SolutionGuid = {8B8AFFA2-1D81-4E15-B868-7FD7DF1FEB37}
	EndGlobalSection
EndGlobal
