<?xml version="1.0" encoding="utf-8"?>
<Project ToolsVersion="4.0" xmlns="http://schemas.microsoft.com/developer/msbuild/2003">
  <ItemGroup>
    <ClCompile Include="Allocator.cpp" />
    <ClCompile Include="ConsoleLog.cpp" />
    <ClCompile Include="DBBind.cpp" />
    <ClCompile Include="DBConnection.cpp" />
    <ClCompile Include="DBConnectionPool.cpp" />
    <ClCompile Include="DBModel.cpp" />
    <ClCompile Include="DBSynchronizer.cpp" />
    <ClCompile Include="DeadLockProfiler.cpp" />
    <ClCompile Include="FileUtils.cpp" />
    <ClCompile Include="LockQueue.cpp" />
    <ClCompile Include="Listener.cpp" />
    <ClCompile Include="Lock.cpp" />
    <ClCompile Include="Memory.cpp" />
    <ClCompile Include="MemoryPool.cpp" />
    <ClCompile Include="RecvBuffer.cpp" />
    <ClCompile Include="RefCounting.cpp" />
    <ClCompile Include="ThreadManager.cpp" />
    <ClCompile Include="XMLParser.cpp" />
    <ClCompile Include="NetAddress.cpp">
      <Filter>Network</Filter>
    </ClCompile>
    <ClCompile Include="IocpEvent.cpp">
      <Filter>Network</Filter>
    </ClCompile>
    <ClCompile Include="IocpCore.cpp">
      <Filter>Network</Filter>
    </ClCompile>
    <ClCompile Include="BufferWriter.cpp">
      <Filter>Network</Filter>
    </ClCompile>
    <ClCompile Include="BufferReader.cpp">
      <Filter>Network</Filter>
    </ClCompile>
    <ClCompile Include="SendBuffer.cpp">
      <Filter>Network</Filter>
    </ClCompile>
    <ClCompile Include="Service.cpp">
      <Filter>Network</Filter>
    </ClCompile>
    <ClCompile Include="Session.cpp">
      <Filter>Network</Filter>
    </ClCompile>
    <ClCompile Include="SocketUtils.cpp">
      <Filter>Network</Filter>
    </ClCompile>
    <ClCompile Include="Job.cpp">
      <Filter>Job</Filter>
    </ClCompile>
    <ClCompile Include="GlobalQueue.cpp">
      <Filter>Job</Filter>
    </ClCompile>
    <ClCompile Include="JobQueue.cpp">
      <Filter>Job</Filter>
    </ClCompile>
    <ClCompile Include="JobTimer.cpp">
      <Filter>Job</Filter>
    </ClCompile>
    <ClCompile Include="CoreGlobal.cpp">
      <Filter>Main</Filter>
    </ClCompile>
    <ClCompile Include="CorePch.cpp">
      <Filter>Main</Filter>
    </ClCompile>
    <ClCompile Include="CoreTLS.cpp">
      <Filter>Main</Filter>
    </ClCompile>
    <ClCompile Include="pch.cpp">
      <Filter>Main</Filter>
    </ClCompile>
  </ItemGroup>
  <ItemGroup>
    <ClInclude Include="Allocator.h" />
    <ClInclude Include="ConsoleLog.h" />
    <ClInclude Include="Container.h" />
    <ClInclude Include="DBBind.h" />
    <ClInclude Include="DBConnection.h" />
    <ClInclude Include="DBConnectionPool.h" />
    <ClInclude Include="DBModel.h" />
    <ClInclude Include="DBSynchronizer.h" />
    <ClInclude Include="DeadLockProfiler.h" />
    <ClInclude Include="FileUtils.h" />
    <ClInclude Include="LockQueue.h" />
    <ClInclude Include="Listener.h" />
    <ClInclude Include="Lock.h" />
    <ClInclude Include="Memory.h" />
    <ClInclude Include="MemoryPool.h" />
    <ClInclude Include="ObjectPool.h" />
    <ClInclude Include="rapidxml.hpp" />
    <ClInclude Include="rapidxml_iterators.hpp" />
    <ClInclude Include="rapidxml_print.hpp" />
    <ClInclude Include="rapidxml_utils.hpp" />
    <ClInclude Include="RecvBuffer.h" />
    <ClInclude Include="RefCounting.h" />
    <ClInclude Include="ThreadManager.h" />
    <ClInclude Include="TypeCast.h" />
    <ClInclude Include="XMLParser.h" />
    <ClInclude Include="NetAddress.h">
      <Filter>Network</Filter>
    </ClInclude>
    <ClInclude Include="IocpEvent.h">
      <Filter>Network</Filter>
    </ClInclude>
    <ClInclude Include="IocpCore.h">
      <Filter>Network</Filter>
    </ClInclude>
    <ClInclude Include="BufferWriter.h">
      <Filter>Network</Filter>
    </ClInclude>
    <ClInclude Include="BufferReader.h">
      <Filter>Network</Filter>
    </ClInclude>
    <ClInclude Include="SendBuffer.h">
      <Filter>Network</Filter>
    </ClInclude>
    <ClInclude Include="Service.h">
      <Filter>Network</Filter>
    </ClInclude>
    <ClInclude Include="Session.h">
      <Filter>Network</Filter>
    </ClInclude>
    <ClInclude Include="SocketUtils.h">
      <Filter>Network</Filter>
    </ClInclude>
    <ClInclude Include="Job.h">
      <Filter>Job</Filter>
    </ClInclude>
    <ClInclude Include="GlobalQueue.h">
      <Filter>Job</Filter>
    </ClInclude>
    <ClInclude Include="JobQueue.h">
      <Filter>Job</Filter>
    </ClInclude>
    <ClInclude Include="JobTimer.h">
      <Filter>Job</Filter>
    </ClInclude>
    <ClInclude Include="CoreGlobal.h">
      <Filter>Main</Filter>
    </ClInclude>
    <ClInclude Include="CoreMacro.h">
      <Filter>Main</Filter>
    </ClInclude>
    <ClInclude Include="CorePch.h">
      <Filter>Main</Filter>
    </ClInclude>
    <ClInclude Include="CoreTLS.h">
      <Filter>Main</Filter>
    </ClInclude>
    <ClInclude Include="pch.h">
      <Filter>Main</Filter>
    </ClInclude>
    <ClInclude Include="Types.h">
      <Filter>Main</Filter>
    </ClInclude>
  </ItemGroup>
  <ItemGroup>
    <Filter Include="Main">
      <UniqueIdentifier>{6e1225b4-fca8-46fc-92be-7d755ce5b2a9}</UniqueIdentifier>
    </Filter>
    <Filter Include="Network">
      <UniqueIdentifier>{e3eb7769-bf2e-4a0d-8e93-7154aff556e2}</UniqueIdentifier>
    </Filter>
    <Filter Include="Job">
      <UniqueIdentifier>{38d39f27-fb54-4ef1-a770-44597ab72e86}</UniqueIdentifier>
    </Filter>
    <Filter Include="DB">
      <UniqueIdentifier>{37ffedb9-be6a-42b8-8d51-82427ac4d5ff}</UniqueIdentifier>
    </Filter>
    <Filter Include="Utils">
      <UniqueIdentifier>{1a7293d4-ea21-4853-988c-bcbf18140556}</UniqueIdentifier>
    </Filter>
    <Filter Include="Memory">
      <UniqueIdentifier>{135c53cb-2ea8-42f4-9f72-4999c6253aeb}</UniqueIdentifier>
    </Filter>
  </ItemGroup>
</Project>